
Microsoft Visual Studio Solution File, Format Version 12.00
# Visual Studio Version 17
VisualStudioVersion = 17.7.34302.85
MinimumVisualStudioVersion = 10.0.40219.1
Project("{FAE04EC0-301F-11D3-BF4B-00C04F79EFBC}") = "MovieAPI", "MovieAPI.csproj", "{FEBDEB14-CAE1-4B53-84A9-181F2D973800}"
EndProject
Project("{FAE04EC0-301F-11D3-BF4B-00C04F79EFBC}") = "MoviesClient", "..\MoviesClient\MoviesClient.csproj", "{14D1F8BD-DB5B-4438-96CC-9CD97624FC4F}"
EndProject
Global
	GlobalSection(SolutionConfigurationPlatforms) = preSolution
		Debug|Any CPU = Debug|Any CPU
		Release|Any CPU = Release|Any CPU
	EndGlobalSection
	GlobalSection(ProjectConfigurationPlatforms) = postSolution
		{FEBDEB14-CAE1-4B53-84A9-181F2D973800}.Debug|Any CPU.ActiveCfg = Debug|Any CPU
		{FEBDEB14-CAE1-4B53-84A9-181F2D973800}.Debug|Any CPU.Build.0 = Debug|Any CPU
		{FEBDEB14-CAE1-4B53-84A9-181F2D973800}.Release|Any CPU.ActiveCfg = Release|Any CPU
		{FEBDEB14-CAE1-4B53-84A9-181F2D973800}.Release|Any CPU.Build.0 = Release|Any CPU
		{14D1F8BD-DB5B-4438-96CC-9CD97624FC4F}.Debug|Any CPU.ActiveCfg = Debug|Any CPU
		{14D1F8BD-DB5B-4438-96CC-9CD97624FC4F}.Debug|Any CPU.Build.0 = Debug|Any CPU
		{14D1F8BD-DB5B-4438-96CC-9CD97624FC4F}.Release|Any CPU.ActiveCfg = Release|Any CPU
		{14D1F8BD-DB5B-4438-96CC-9CD97624FC4F}.Release|Any CPU.Build.0 = Release|Any CPU
	EndGlobalSection
	GlobalSection(SolutionProperties) = preSolution
		HideSolutionNode = FALSE
	EndGlobalSection
	GlobalSection(ExtensibilityGlobals) = postSolution
		SolutionGuid = {6FE9CE4E-40DF-481B-A697-1CA6C25F84EA}
	EndGlobalSection
EndGlobal
